
Microsoft Visual Studio Solution File, Format Version 11.00
# Visual C# Express 2010
Project("{FAE04EC0-301F-11D3-BF4B-00C04F79EFBC}") = "Cap4Program6(Lanchonete_SloppyJoes)", "Cap4Program6(Lanchonete_SloppyJoes)\Cap4Program6(Lanchonete_SloppyJoes).csproj", "{33A97F0B-0DFD-4E00-976F-BA5DD60FFBFD}"
EndProject
Global
	GlobalSection(SolutionConfigurationPlatforms) = preSolution
		Debug|x86 = Debug|x86
		Release|x86 = Release|x86
	EndGlobalSection
	GlobalSection(ProjectConfigurationPlatforms) = postSolution
		{33A97F0B-0DFD-4E00-976F-BA5DD60FFBFD}.Debug|x86.ActiveCfg = Debug|x86
		{33A97F0B-0DFD-4E00-976F-BA5DD60FFBFD}.Debug|x86.Build.0 = Debug|x86
		{33A97F0B-0DFD-4E00-976F-BA5DD60FFBFD}.Release|x86.ActiveCfg = Release|x86
		{33A97F0B-0DFD-4E00-976F-BA5DD60FFBFD}.Release|x86.Build.0 = Release|x86
	EndGlobalSection
	GlobalSection(SolutionProperties) = preSolution
		HideSolutionNode = FALSE
	EndGlobalSection
EndGlobal
